// !$*UTF8*$!
{
	archiveVersion = 1;
	classes = {
	};
	objectVersion = 56;
	objects = {

/* Begin PBXBuildFile section */
		4A694A4B29B5998900FB0792 /* AppDelegate.m in Sources */ = {isa = PBXBuildFile; fileRef = 4A694A4A29B5998900FB0792 /* AppDelegate.m */; };
		4A694A4E29B5998900FB0792 /* SceneDelegate.m in Sources */ = {isa = PBXBuildFile; fileRef = 4A694A4D29B5998900FB0792 /* SceneDelegate.m */; };
		4A694A5129B5998900FB0792 /* ViewController.m in Sources */ = {isa = PBXBuildFile; fileRef = 4A694A5029B5998900FB0792 /* ViewController.m */; };
		4A694A5429B5998900FB0792 /* Main.storyboard in Resources */ = {isa = PBXBuildFile; fileRef = 4A694A5229B5998900FB0792 /* Main.storyboard */; };
		4A694A5629B5998900FB0792 /* Assets.xcassets in Resources */ = {isa = PBXBuildFile; fileRef = 4A694A5529B5998900FB0792 /* Assets.xcassets */; };
		4A694A5929B5998900FB0792 /* LaunchScreen.storyboard in Resources */ = {isa = PBXBuildFile; fileRef = 4A694A5729B5998900FB0792 /* LaunchScreen.storyboard */; };
		4A694A5C29B5998900FB0792 /* main.m in Sources */ = {isa = PBXBuildFile; fileRef = 4A694A5B29B5998900FB0792 /* main.m */; };
		4A694A6529B5FECC00FB0792 /* SymbolCatcher.m in Sources */ = {isa = PBXBuildFile; fileRef = 4A694A6429B5FECC00FB0792 /* SymbolCatcher.m */; };
/* End PBXBuildFile section */

/* Begin PBXFileReference section */
		4A694A4629B5998900FB0792 /* CLASSDUMP.app */ = {isa = PBXFileReference; explicitFileType = wrapper.application; includeInIndex = 0; path = CLASSDUMP.app; sourceTree = BUILT_PRODUCTS_DIR; };
		4A694A4929B5998900FB0792 /* AppDelegate.h */ = {isa = PBXFileReference; lastKnownFileType = sourcecode.c.h; path = AppDelegate.h; sourceTree = "<group>"; };
		4A694A4A29B5998900FB0792 /* AppDelegate.m */ = {isa = PBXFileReference; lastKnownFileType = sourcecode.c.objc; path = AppDelegate.m; sourceTree = "<group>"; };
		4A694A4C29B5998900FB0792 /* SceneDelegate.h */ = {isa = PBXFileReference; lastKnownFileType = sourcecode.c.h; path = SceneDelegate.h; sourceTree = "<group>"; };
		4A694A4D29B5998900FB0792 /* SceneDelegate.m */ = {isa = PBXFileReference; lastKnownFileType = sourcecode.c.objc; path = SceneDelegate.m; sourceTree = "<group>"; };
		4A694A4F29B5998900FB0792 /* ViewController.h */ = {isa = PBXFileReference; lastKnownFileType = sourcecode.c.h; path = ViewController.h; sourceTree = "<group>"; };
		4A694A5029B5998900FB0792 /* ViewController.m */ = {isa = PBXFileReference; lastKnownFileType = sourcecode.c.objc; path = ViewController.m; sourceTree = "<group>"; };
		4A694A5329B5998900FB0792 /* Base */ = {isa = PBXFileReference; lastKnownFileType = file.storyboard; name = Base; path = Base.lproj/Main.storyboard; sourceTree = "<group>"; };
		4A694A5529B5998900FB0792 /* Assets.xcassets */ = {isa = PBXFileReference; lastKnownFileType = folder.assetcatalog; path = Assets.xcassets; sourceTree = "<group>"; };
		4A694A5829B5998900FB0792 /* Base */ = {isa = PBXFileReference; lastKnownFileType = file.storyboard; name = Base; path = Base.lproj/LaunchScreen.storyboard; sourceTree = "<group>"; };
		4A694A5A29B5998900FB0792 /* Info.plist */ = {isa = PBXFileReference; lastKnownFileType = text.plist.xml; path = Info.plist; sourceTree = "<group>"; };
		4A694A5B29B5998900FB0792 /* main.m */ = {isa = PBXFileReference; lastKnownFileType = sourcecode.c.objc; path = main.m; sourceTree = "<group>"; };
		4A694A6329B5FECC00FB0792 /* SymbolCatcher.h */ = {isa = PBXFileReference; lastKnownFileType = sourcecode.c.h; path = SymbolCatcher.h; sourceTree = "<group>"; };
		4A694A6429B5FECC00FB0792 /* SymbolCatcher.m */ = {isa = PBXFileReference; lastKnownFileType = sourcecode.c.objc; path = SymbolCatcher.m; sourceTree = "<group>"; };
/* End PBXFileReference section */

/* Begin PBXFrameworksBuildPhase section */
		4A694A4329B5998900FB0792 /* Frameworks */ = {
			isa = PBXFrameworksBuildPhase;
			buildActionMask = 2147483647;
			files = (
			);
			runOnlyForDeploymentPostprocessing = 0;
		};
/* End PBXFrameworksBuildPhase section */

/* Begin PBXGroup section */
		4A694A3D29B5998900FB0792 = {
			isa = PBXGroup;
			children = (
				4A694A4829B5998900FB0792 /* CLASSDUMP */,
				4A694A4729B5998900FB0792 /* Products */,
			);
			sourceTree = "<group>";
		};
		4A694A4729B5998900FB0792 /* Products */ = {
			isa = PBXGroup;
			children = (
				4A694A4629B5998900FB0792 /* CLASSDUMP.app */,
			);
			name = Products;
			sourceTree = "<group>";
		};
		4A694A4829B5998900FB0792 /* CLASSDUMP */ = {
			isa = PBXGroup;
			children = (
				4A694A4929B5998900FB0792 /* AppDelegate.h */,
				4A694A4A29B5998900FB0792 /* AppDelegate.m */,
				4A694A4C29B5998900FB0792 /* SceneDelegate.h */,
				4A694A4D29B5998900FB0792 /* SceneDelegate.m */,
				4A694A4F29B5998900FB0792 /* ViewController.h */,
				4A694A5029B5998900FB0792 /* ViewController.m */,
				4A694A6329B5FECC00FB0792 /* SymbolCatcher.h */,
				4A694A6429B5FECC00FB0792 /* SymbolCatcher.m */,
				4A694A5229B5998900FB0792 /* Main.storyboard */,
				4A694A5529B5998900FB0792 /* Assets.xcassets */,
				4A694A5729B5998900FB0792 /* LaunchScreen.storyboard */,
				4A694A5A29B5998900FB0792 /* Info.plist */,
				4A694A5B29B5998900FB0792 /* main.m */,
			);
			path = CLASSDUMP;
			sourceTree = "<group>";
		};
/* End PBXGroup section */

/* Begin PBXNativeTarget section */
		4A694A4529B5998900FB0792 /* CLASSDUMP */ = {
			isa = PBXNativeTarget;
			buildConfigurationList = 4A694A5F29B5998900FB0792 /* Build configuration list for PBXNativeTarget "CLASSDUMP" */;
			buildPhases = (
				4A694A4229B5998900FB0792 /* Sources */,
				4A694A4329B5998900FB0792 /* Frameworks */,
				4A694A4429B5998900FB0792 /* Resources */,
			);
			buildRules = (
			);
			dependencies = (
			);
			name = CLASSDUMP;
			productName = CLASSDUMP;
			productReference = 4A694A4629B5998900FB0792 /* CLASSDUMP.app */;
			productType = "com.apple.product-type.application";
		};
/* End PBXNativeTarget section */

/* Begin PBXProject section */
		4A694A3E29B5998900FB0792 /* Project object */ = {
			isa = PBXProject;
			attributes = {
				BuildIndependentTargetsInParallel = 1;
				LastUpgradeCheck = 1420;
				TargetAttributes = {
					4A694A4529B5998900FB0792 = {
						CreatedOnToolsVersion = 14.2;
					};
				};
			};
			buildConfigurationList = 4A694A4129B5998900FB0792 /* Build configuration list for PBXProject "CLASSDUMP" */;
			compatibilityVersion = "Xcode 14.0";
			developmentRegion = en;
			hasScannedForEncodings = 0;
			knownRegions = (
				en,
				Base,
			);
			mainGroup = 4A694A3D29B5998900FB0792;
			productRefGroup = 4A694A4729B5998900FB0792 /* Products */;
			projectDirPath = "";
			projectRoot = "";
			targets = (
				4A694A4529B5998900FB0792 /* CLASSDUMP */,
			);
		};
/* End PBXProject section */

/* Begin PBXResourcesBuildPhase section */
		4A694A4429B5998900FB0792 /* Resources */ = {
			isa = PBXResourcesBuildPhase;
			buildActionMask = 2147483647;
			files = (
				4A694A5929B5998900FB0792 /* LaunchScreen.storyboard in Resources */,
				4A694A5629B5998900FB0792 /* Assets.xcassets in Resources */,
				4A694A5429B5998900FB0792 /* Main.storyboard in Resources */,
			);
			runOnlyForDeploymentPostprocessing = 0;
		};
/* End PBXResourcesBuildPhase section */

/* Begin PBXSourcesBuildPhase section */
		4A694A4229B5998900FB0792 /* Sources */ = {
			isa = PBXSourcesBuildPhase;
			buildActionMask = 2147483647;
			files = (
				4A694A5129B5998900FB0792 /* ViewController.m in Sources */,
				4A694A6529B5FECC00FB0792 /* SymbolCatcher.m in Sources */,
				4A694A4B29B5998900FB0792 /* AppDelegate.m in Sources */,
				4A694A5C29B5998900FB0792 /* main.m in Sources */,
				4A694A4E29B5998900FB0792 /* SceneDelegate.m in Sources */,
			);
			runOnlyForDeploymentPostprocessing = 0;
		};
/* End PBXSourcesBuildPhase section */

/* Begin PBXVariantGroup section */
		4A694A5229B5998900FB0792 /* Main.storyboard */ = {
			isa = PBXVariantGroup;
			children = (
				4A694A5329B5998900FB0792 /* Base */,
			);
			name = Main.storyboard;
			sourceTree = "<group>";
		};
		4A694A5729B5998900FB0792 /* LaunchScreen.storyboard */ = {
			isa = PBXVariantGroup;
			children = (
				4A694A5829B5998900FB0792 /* Base */,
			);
			name = LaunchScreen.storyboard;
			sourceTree = "<group>";
		};
/* End PBXVariantGroup section */

/* Begin XCBuildConfiguration section */
		4A694A5D29B5998900FB0792 /* Debug */ = {
			isa = XCBuildConfiguration;
			buildSettings = {
				ALWAYS_SEARCH_USER_PATHS = NO;
				CLANG_ANALYZER_NONNULL = YES;
				CLANG_ANALYZER_NUMBER_OBJECT_CONVERSION = YES_AGGRESSIVE;
				CLANG_CXX_LANGUAGE_STANDARD = "gnu++20";
				CLANG_ENABLE_MODULES = YES;
				CLANG_ENABLE_OBJC_ARC = YES;
				CLANG_ENABLE_OBJC_WEAK = YES;
				CLANG_WARN_BLOCK_CAPTURE_AUTORELEASING = YES;
				CLANG_WARN_BOOL_CONVERSION = YES;
				CLANG_WARN_COMMA = YES;
				CLANG_WARN_CONSTANT_CONVERSION = YES;
				CLANG_WARN_DEPRECATED_OBJC_IMPLEMENTATIONS = YES;
				CLANG_WARN_DIRECT_OBJC_ISA_USAGE = YES_ERROR;
				CLANG_WARN_DOCUMENTATION_COMMENTS = YES;
				CLANG_WARN_EMPTY_BODY = YES;
				CLANG_WARN_ENUM_CONVERSION = YES;
				CLANG_WARN_INFINITE_RECURSION = YES;
				CLANG_WARN_INT_CONVERSION = YES;
				CLANG_WARN_NON_LITERAL_NULL_CONVERSION = YES;
				CLANG_WARN_OBJC_IMPLICIT_RETAIN_SELF = YES;
				CLANG_WARN_OBJC_LITERAL_CONVERSION = YES;
				CLANG_WARN_OBJC_ROOT_CLASS = YES_ERROR;
				CLANG_WARN_QUOTED_INCLUDE_IN_FRAMEWORK_HEADER = YES;
				CLANG_WARN_RANGE_LOOP_ANALYSIS = YES;
				CLANG_WARN_STRICT_PROTOTYPES = YES;
				CLANG_WARN_SUSPICIOUS_MOVE = YES;
				CLANG_WARN_UNGUARDED_AVAILABILITY = YES_AGGRESSIVE;
				CLANG_WARN_UNREACHABLE_CODE = YES;
				CLANG_WARN__DUPLICATE_METHOD_MATCH = YES;
				COPY_PHASE_STRIP = NO;
				DEBUG_INFORMATION_FORMAT = dwarf;
				ENABLE_STRICT_OBJC_MSGSEND = YES;
				ENABLE_TESTABILITY = YES;
				GCC_C_LANGUAGE_STANDARD = gnu11;
				GCC_DYNAMIC_NO_PIC = NO;
				GCC_NO_COMMON_BLOCKS = YES;
				GCC_OPTIMIZATION_LEVEL = 0;
				GCC_PREPROCESSOR_DEFINITIONS = (
					"DEBUG=1",
					"$(inherited)",
				);
				GCC_WARN_64_TO_32_BIT_CONVERSION = YES;
				GCC_WARN_ABOUT_RETURN_TYPE = YES_ERROR;
				GCC_WARN_UNDECLARED_SELECTOR = YES;
				GCC_WARN_UNINITIALIZED_AUTOS = YES_AGGRESSIVE;
				GCC_WARN_UNUSED_FUNCTION = YES;
				GCC_WARN_UNUSED_VARIABLE = YES;
				IPHONEOS_DEPLOYMENT_TARGET = 16.2;
				MTL_ENABLE_DEBUG_INFO = INCLUDE_SOURCE;
				MTL_FAST_MATH = YES;
				ONLY_ACTIVE_ARCH = YES;
				SDKROOT = iphoneos;
			};
			name = Debug;
		};
		4A694A5E29B5998900FB0792 /* Release */ = {
			isa = XCBuildConfiguration;
			buildSettings = {
				ALWAYS_SEARCH_USER_PATHS = NO;
				CLANG_ANALYZER_NONNULL = YES;
				CLANG_ANALYZER_NUMBER_OBJECT_CONVERSION = YES_AGGRESSIVE;
				CLANG_CXX_LANGUAGE_STANDARD = "gnu++20";
				CLANG_ENABLE_MODULES = YES;
				CLANG_ENABLE_OBJC_ARC = YES;
				CLANG_ENABLE_OBJC_WEAK = YES;
				CLANG_WARN_BLOCK_CAPTURE_AUTORELEASING = YES;
				CLANG_WARN_BOOL_CONVERSION = YES;
				CLANG_WARN_COMMA = YES;
				CLANG_WARN_CONSTANT_CONVERSION = YES;
				CLANG_WARN_DEPRECATED_OBJC_IMPLEMENTATIONS = YES;
				CLANG_WARN_DIRECT_OBJC_ISA_USAGE = YES_ERROR;
				CLANG_WARN_DOCUMENTATION_COMMENTS = YES;
				CLANG_WARN_EMPTY_BODY = YES;
				CLANG_WARN_ENUM_CONVERSION = YES;
				CLANG_WARN_INFINITE_RECURSION = YES;
				CLANG_WARN_INT_CONVERSION = YES;
				CLANG_WARN_NON_LITERAL_NULL_CONVERSION = YES;
				CLANG_WARN_OBJC_IMPLICIT_RETAIN_SELF = YES;
				CLANG_WARN_OBJC_LITERAL_CONVERSION = YES;
				CLANG_WARN_OBJC_ROOT_CLASS = YES_ERROR;
				CLANG_WARN_QUOTED_INCLUDE_IN_FRAMEWORK_HEADER = YES;
				CLANG_WARN_RANGE_LOOP_ANALYSIS = YES;
				CLANG_WARN_STRICT_PROTOTYPES = YES;
				CLANG_WARN_SUSPICIOUS_MOVE = YES;
				CLANG_WARN_UNGUARDED_AVAILABILITY = YES_AGGRESSIVE;
				CLANG_WARN_UNREACHABLE_CODE = YES;
				CLANG_WARN__DUPLICATE_METHOD_MATCH = YES;
				COPY_PHASE_STRIP = NO;
				DEBUG_INFORMATION_FORMAT = "dwarf-with-dsym";
				ENABLE_NS_ASSERTIONS = NO;
				ENABLE_STRICT_OBJC_MSGSEND = YES;
				GCC_C_LANGUAGE_STANDARD = gnu11;
				GCC_NO_COMMON_BLOCKS = YES;
				GCC_WARN_64_TO_32_BIT_CONVERSION = YES;
				GCC_WARN_ABOUT_RETURN_TYPE = YES_ERROR;
				GCC_WARN_UNDECLARED_SELECTOR = YES;
				GCC_WARN_UNINITIALIZED_AUTOS = YES_AGGRESSIVE;
				GCC_WARN_UNUSED_FUNCTION = YES;
				GCC_WARN_UNUSED_VARIABLE = YES;
				IPHONEOS_DEPLOYMENT_TARGET = 16.2;
				MTL_ENABLE_DEBUG_INFO = NO;
				MTL_FAST_MATH = YES;
				SDKROOT = iphoneos;
				VALIDATE_PRODUCT = YES;
			};
			name = Release;
		};
		4A694A6029B5998900FB0792 /* Debug */ = {
			isa = XCBuildConfiguration;
			buildSettings = {
				ASSETCATALOG_COMPILER_APPICON_NAME = AppIcon;
				ASSETCATALOG_COMPILER_GLOBAL_ACCENT_COLOR_NAME = AccentColor;
				CODE_SIGN_STYLE = Automatic;
				CURRENT_PROJECT_VERSION = 1;
				GENERATE_INFOPLIST_FILE = YES;
				INFOPLIST_FILE = CLASSDUMP/Info.plist;
				INFOPLIST_KEY_UIApplicationSupportsIndirectInputEvents = YES;
				INFOPLIST_KEY_UILaunchStoryboardName = LaunchScreen;
				INFOPLIST_KEY_UIMainStoryboardFile = Main;
				INFOPLIST_KEY_UISupportedInterfaceOrientations_iPad = "UIInterfaceOrientationPortrait UIInterfaceOrientationPortraitUpsideDown UIInterfaceOrientationLandscapeLeft UIInterfaceOrientationLandscapeRight";
				INFOPLIST_KEY_UISupportedInterfaceOrientations_iPhone = "UIInterfaceOrientationPortrait UIInterfaceOrientationLandscapeLeft UIInterfaceOrientationLandscapeRight";
				LD_RUNPATH_SEARCH_PATHS = (
					"$(inherited)",
					"@executable_path/Frameworks",
				);
				MARKETING_VERSION = 1.0;
				PRODUCT_BUNDLE_IDENTIFIER = ccc.bytedance.CLASSDUMP;
				PRODUCT_NAME = "$(TARGET_NAME)";
				SWIFT_EMIT_LOC_STRINGS = YES;
				TARGETED_DEVICE_FAMILY = "1,2";
			};
			name = Debug;
		};
		4A694A6129B5998900FB0792 /* Release */ = {
			isa = XCBuildConfiguration;
			buildSettings = {
				ASSETCATALOG_COMPILER_APPICON_NAME = AppIcon;
				ASSETCATALOG_COMPILER_GLOBAL_ACCENT_COLOR_NAME = AccentColor;
				CODE_SIGN_STYLE = Automatic;
				CURRENT_PROJECT_VERSION = 1;
				GENERATE_INFOPLIST_FILE = YES;
				INFOPLIST_FILE = CLASSDUMP/Info.plist;
				INFOPLIST_KEY_UIApplicationSupportsIndirectInputEvents = YES;
				INFOPLIST_KEY_UILaunchStoryboardName = LaunchScreen;
				INFOPLIST_KEY_UIMainStoryboardFile = Main;
				INFOPLIST_KEY_UISupportedInterfaceOrientations_iPad = "UIInterfaceOrientationPortrait UIInterfaceOrientationPortraitUpsideDown UIInterfaceOrientationLandscapeLeft UIInterfaceOrientationLandscapeRight";
				INFOPLIST_KEY_UISupportedInterfaceOrientations_iPhone = "UIInterfaceOrientationPortrait UIInterfaceOrientationLandscapeLeft UIInterfaceOrientationLandscapeRight";
				LD_RUNPATH_SEARCH_PATHS = (
					"$(inherited)",
					"@executable_path/Frameworks",
				);
				MARKETING_VERSION = 1.0;
				PRODUCT_BUNDLE_IDENTIFIER = ccc.bytedance.CLASSDUMP;
				PRODUCT_NAME = "$(TARGET_NAME)";
				SWIFT_EMIT_LOC_STRINGS = YES;
				TARGETED_DEVICE_FAMILY = "1,2";
			};
			name = Release;
		};
/* End XCBuildConfiguration section */

/* Begin XCConfigurationList section */
		4A694A4129B5998900FB0792 /* Build configuration list for PBXProject "CLASSDUMP" */ = {
			isa = XCConfigurationList;
			buildConfigurations = (
				4A694A5D29B5998900FB0792 /* Debug */,
				4A694A5E29B5998900FB0792 /* Release */,
			);
			defaultConfigurationIsVisible = 0;
			defaultConfigurationName = Release;
		};
		4A694A5F29B5998900FB0792 /* Build configuration list for PBXNativeTarget "CLASSDUMP" */ = {
			isa = XCConfigurationList;
			buildConfigurations = (
				4A694A6029B5998900FB0792 /* Debug */,
				4A694A6129B5998900FB0792 /* Release */,
			);
			defaultConfigurationIsVisible = 0;
			defaultConfigurationName = Release;
		};
/* End XCConfigurationList section */
	};
	rootObject = 4A694A3E29B5998900FB0792 /* Project object */;
}
